// !$*UTF8*$!
{
	archiveVersion = 1;
	classes = {
	};
	objectVersion = 50;
	objects = {

/* Begin PBXBuildFile section */
		2A38A65426B6E77C00C095F7 /* AppDelegate.swift in Sources */ = {isa = PBXBuildFile; fileRef = 2A38A65326B6E77C00C095F7 /* AppDelegate.swift */; };
		2A38A65626B6E77C00C095F7 /* SceneDelegate.swift in Sources */ = {isa = PBXBuildFile; fileRef = 2A38A65526B6E77C00C095F7 /* SceneDelegate.swift */; };
		2A38A65B26B6E77C00C095F7 /* Main.storyboard in Resources */ = {isa = PBXBuildFile; fileRef = 2A38A65926B6E77C00C095F7 /* Main.storyboard */; };
		2A38A65D26B6E77C00C095F7 /* Assets.xcassets in Resources */ = {isa = PBXBuildFile; fileRef = 2A38A65C26B6E77C00C095F7 /* Assets.xcassets */; };
		2A38A66026B6E77C00C095F7 /* LaunchScreen.storyboard in Resources */ = {isa = PBXBuildFile; fileRef = 2A38A65E26B6E77C00C095F7 /* LaunchScreen.storyboard */; };
		2AB359DA26B7050B0019CA12 /* TableViewController.swift in Sources */ = {isa = PBXBuildFile; fileRef = 2AB359D926B7050B0019CA12 /* TableViewController.swift */; };
		2AB359DE26B707140019CA12 /* DetailViewController.swift in Sources */ = {isa = PBXBuildFile; fileRef = 2AB359DD26B707140019CA12 /* DetailViewController.swift */; };
		2AB359E026B7072A0019CA12 /* AddViewController.swift in Sources */ = {isa = PBXBuildFile; fileRef = 2AB359DF26B7072A0019CA12 /* AddViewController.swift */; };
		2AB359E426B708270019CA12 /* clock.png in Resources */ = {isa = PBXBuildFile; fileRef = 2AB359E126B708270019CA12 /* clock.png */; };
		2AB359E526B708270019CA12 /* pencil.png in Resources */ = {isa = PBXBuildFile; fileRef = 2AB359E226B708270019CA12 /* pencil.png */; };
		2AB359E626B708270019CA12 /* cart.png in Resources */ = {isa = PBXBuildFile; fileRef = 2AB359E326B708270019CA12 /* cart.png */; };
/* End PBXBuildFile section */

/* Begin PBXFileReference section */
		2A38A65026B6E77C00C095F7 /* Table.app */ = {isa = PBXFileReference; explicitFileType = wrapper.application; includeInIndex = 0; path = Table.app; sourceTree = BUILT_PRODUCTS_DIR; };
		2A38A65326B6E77C00C095F7 /* AppDelegate.swift */ = {isa = PBXFileReference; lastKnownFileType = sourcecode.swift; path = AppDelegate.swift; sourceTree = "<group>"; };
		2A38A65526B6E77C00C095F7 /* SceneDelegate.swift */ = {isa = PBXFileReference; lastKnownFileType = sourcecode.swift; path = SceneDelegate.swift; sourceTree = "<group>"; };
		2A38A65A26B6E77C00C095F7 /* Base */ = {isa = PBXFileReference; lastKnownFileType = file.storyboard; name = Base; path = Base.lproj/Main.storyboard; sourceTree = "<group>"; };
		2A38A65C26B6E77C00C095F7 /* Assets.xcassets */ = {isa = PBXFileReference; lastKnownFileType = folder.assetcatalog; path = Assets.xcassets; sourceTree = "<group>"; };
		2A38A65F26B6E77C00C095F7 /* Base */ = {isa = PBXFileReference; lastKnownFileType = file.storyboard; name = Base; path = Base.lproj/LaunchScreen.storyboard; sourceTree = "<group>"; };
		2A38A66126B6E77C00C095F7 /* Info.plist */ = {isa = PBXFileReference; lastKnownFileType = text.plist.xml; path = Info.plist; sourceTree = "<group>"; };
		2AB359D926B7050B0019CA12 /* TableViewController.swift */ = {isa = PBXFileReference; lastKnownFileType = sourcecode.swift; path = TableViewController.swift; sourceTree = "<group>"; };
		2AB359DD26B707140019CA12 /* DetailViewController.swift */ = {isa = PBXFileReference; lastKnownFileType = sourcecode.swift; path = DetailViewController.swift; sourceTree = "<group>"; };
		2AB359DF26B7072A0019CA12 /* AddViewController.swift */ = {isa = PBXFileReference; lastKnownFileType = sourcecode.swift; path = AddViewController.swift; sourceTree = "<group>"; };
		2AB359E126B708270019CA12 /* clock.png */ = {isa = PBXFileReference; lastKnownFileType = image.png; path = clock.png; sourceTree = "<group>"; };
		2AB359E226B708270019CA12 /* pencil.png */ = {isa = PBXFileReference; lastKnownFileType = image.png; path = pencil.png; sourceTree = "<group>"; };
		2AB359E326B708270019CA12 /* cart.png */ = {isa = PBXFileReference; lastKnownFileType = image.png; path = cart.png; sourceTree = "<group>"; };
/* End PBXFileReference section */

/* Begin PBXFrameworksBuildPhase section */
		2A38A64D26B6E77C00C095F7 /* Frameworks */ = {
			isa = PBXFrameworksBuildPhase;
			buildActionMask = 2147483647;
			files = (
			);
			runOnlyForDeploymentPostprocessing = 0;
		};
/* End PBXFrameworksBuildPhase section */

/* Begin PBXGroup section */
		2A38A64726B6E77C00C095F7 = {
			isa = PBXGroup;
			children = (
				2A38A65226B6E77C00C095F7 /* Table */,
				2A38A65126B6E77C00C095F7 /* Products */,
			);
			sourceTree = "<group>";
		};
		2A38A65126B6E77C00C095F7 /* Products */ = {
			isa = PBXGroup;
			children = (
				2A38A65026B6E77C00C095F7 /* Table.app */,
			);
			name = Products;
			sourceTree = "<group>";
		};
		2A38A65226B6E77C00C095F7 /* Table */ = {
			isa = PBXGroup;
			children = (
				2AC4094826B95CAB00CA3698 /* Image */,
				2A38A65326B6E77C00C095F7 /* AppDelegate.swift */,
				2A38A65526B6E77C00C095F7 /* SceneDelegate.swift */,
				2AB359DD26B707140019CA12 /* DetailViewController.swift */,
				2AB359DF26B7072A0019CA12 /* AddViewController.swift */,
				2AB359D926B7050B0019CA12 /* TableViewController.swift */,
				2AB359E326B708270019CA12 /* cart.png */,
				2AB359E126B708270019CA12 /* clock.png */,
				2AB359E226B708270019CA12 /* pencil.png */,
				2A38A65926B6E77C00C095F7 /* Main.storyboard */,
				2A38A65C26B6E77C00C095F7 /* Assets.xcassets */,
				2A38A65E26B6E77C00C095F7 /* LaunchScreen.storyboard */,
				2A38A66126B6E77C00C095F7 /* Info.plist */,
			);
			path = Table;
			sourceTree = "<group>";
		};
		2AC4094826B95CAB00CA3698 /* Image */ = {
			isa = PBXGroup;
			children = (
			);
			path = Image;
			sourceTree = "<group>";
		};
/* End PBXGroup section */

/* Begin PBXNativeTarget section */
		2A38A64F26B6E77C00C095F7 /* Table */ = {
			isa = PBXNativeTarget;
			buildConfigurationList = 2A38A66426B6E77C00C095F7 /* Build configuration list for PBXNativeTarget "Table" */;
			buildPhases = (
				2A38A64C26B6E77C00C095F7 /* Sources */,
				2A38A64D26B6E77C00C095F7 /* Frameworks */,
				2A38A64E26B6E77C00C095F7 /* Resources */,
			);
			buildRules = (
			);
			dependencies = (
			);
			name = Table;
			productName = Table;
			productReference = 2A38A65026B6E77C00C095F7 /* Table.app */;
			productType = "com.apple.product-type.application";
		};
/* End PBXNativeTarget section */

/* Begin PBXProject section */
		2A38A64826B6E77C00C095F7 /* Project object */ = {
			isa = PBXProject;
			attributes = {
				LastSwiftUpdateCheck = 1250;
				LastUpgradeCheck = 1250;
				TargetAttributes = {
					2A38A64F26B6E77C00C095F7 = {
						CreatedOnToolsVersion = 12.5.1;
					};
				};
			};
			buildConfigurationList = 2A38A64B26B6E77C00C095F7 /* Build configuration list for PBXProject "Table" */;
			compatibilityVersion = "Xcode 9.3";
			developmentRegion = en;
			hasScannedForEncodings = 0;
			knownRegions = (
				en,
				Base,
			);
			mainGroup = 2A38A64726B6E77C00C095F7;
			productRefGroup = 2A38A65126B6E77C00C095F7 /* Products */;
			projectDirPath = "";
			projectRoot = "";
			targets = (
				2A38A64F26B6E77C00C095F7 /* Table */,
			);
		};
/* End PBXProject section */

/* Begin PBXResourcesBuildPhase section */
		2A38A64E26B6E77C00C095F7 /* Resources */ = {
			isa = PBXResourcesBuildPhase;
			buildActionMask = 2147483647;
			files = (
				2AB359E526B708270019CA12 /* pencil.png in Resources */,
				2AB359E426B708270019CA12 /* clock.png in Resources */,
				2A38A66026B6E77C00C095F7 /* LaunchScreen.storyboard in Resources */,
				2A38A65D26B6E77C00C095F7 /* Assets.xcassets in Resources */,
				2A38A65B26B6E77C00C095F7 /* Main.storyboard in Resources */,
				2AB359E626B708270019CA12 /* cart.png in Resources */,
			);
			runOnlyForDeploymentPostprocessing = 0;
		};
/* End PBXResourcesBuildPhase section */

/* Begin PBXSourcesBuildPhase section */
		2A38A64C26B6E77C00C095F7 /* Sources */ = {
			isa = PBXSourcesBuildPhase;
			buildActionMask = 2147483647;
			files = (
				2AB359E026B7072A0019CA12 /* AddViewController.swift in Sources */,
				2A38A65426B6E77C00C095F7 /* AppDelegate.swift in Sources */,
				2AB359DA26B7050B0019CA12 /* TableViewController.swift in Sources */,
				2A38A65626B6E77C00C095F7 /* SceneDelegate.swift in Sources */,
				2AB359DE26B707140019CA12 /* DetailViewController.swift in Sources */,
			);
			runOnlyForDeploymentPostprocessing = 0;
		};
/* End PBXSourcesBuildPhase section */

/* Begin PBXVariantGroup section */
		2A38A65926B6E77C00C095F7 /* Main.storyboard */ = {
			isa = PBXVariantGroup;
			children = (
				2A38A65A26B6E77C00C095F7 /* Base */,
			);
			name = Main.storyboard;
			sourceTree = "<group>";
		};
		2A38A65E26B6E77C00C095F7 /* LaunchScreen.storyboard */ = {
			isa = PBXVariantGroup;
			children = (
				2A38A65F26B6E77C00C095F7 /* Base */,
			);
			name = LaunchScreen.storyboard;
			sourceTree = "<group>";
		};
/* End PBXVariantGroup section */

/* Begin XCBuildConfiguration section */
		2A38A66226B6E77C00C095F7 /* Debug */ = {
			isa = XCBuildConfiguration;
			buildSettings = {
				ALWAYS_SEARCH_USER_PATHS = NO;
				CLANG_ANALYZER_NONNULL = YES;
				CLANG_ANALYZER_NUMBER_OBJECT_CONVERSION = YES_AGGRESSIVE;
				CLANG_CXX_LANGUAGE_STANDARD = "gnu++14";
				CLANG_CXX_LIBRARY = "libc++";
				CLANG_ENABLE_MODULES = YES;
				CLANG_ENABLE_OBJC_ARC = YES;
				CLANG_ENABLE_OBJC_WEAK = YES;
				CLANG_WARN_BLOCK_CAPTURE_AUTORELEASING = YES;
				CLANG_WARN_BOOL_CONVERSION = YES;
				CLANG_WARN_COMMA = YES;
				CLANG_WARN_CONSTANT_CONVERSION = YES;
				CLANG_WARN_DEPRECATED_OBJC_IMPLEMENTATIONS = YES;
				CLANG_WARN_DIRECT_OBJC_ISA_USAGE = YES_ERROR;
				CLANG_WARN_DOCUMENTATION_COMMENTS = YES;
				CLANG_WARN_EMPTY_BODY = YES;
				CLANG_WARN_ENUM_CONVERSION = YES;
				CLANG_WARN_INFINITE_RECURSION = YES;
				CLANG_WARN_INT_CONVERSION = YES;
				CLANG_WARN_NON_LITERAL_NULL_CONVERSION = YES;
				CLANG_WARN_OBJC_IMPLICIT_RETAIN_SELF = YES;
				CLANG_WARN_OBJC_LITERAL_CONVERSION = YES;
				CLANG_WARN_OBJC_ROOT_CLASS = YES_ERROR;
				CLANG_WARN_QUOTED_INCLUDE_IN_FRAMEWORK_HEADER = YES;
				CLANG_WARN_RANGE_LOOP_ANALYSIS = YES;
				CLANG_WARN_STRICT_PROTOTYPES = YES;
				CLANG_WARN_SUSPICIOUS_MOVE = YES;
				CLANG_WARN_UNGUARDED_AVAILABILITY = YES_AGGRESSIVE;
				CLANG_WARN_UNREACHABLE_CODE = YES;
				CLANG_WARN__DUPLICATE_METHOD_MATCH = YES;
				COPY_PHASE_STRIP = NO;
				DEBUG_INFORMATION_FORMAT = dwarf;
				ENABLE_STRICT_OBJC_MSGSEND = YES;
				ENABLE_TESTABILITY = YES;
				GCC_C_LANGUAGE_STANDARD = gnu11;
				GCC_DYNAMIC_NO_PIC = NO;
				GCC_NO_COMMON_BLOCKS = YES;
				GCC_OPTIMIZATION_LEVEL = 0;
				GCC_PREPROCESSOR_DEFINITIONS = (
					"DEBUG=1",
					"$(inherited)",
				);
				GCC_WARN_64_TO_32_BIT_CONVERSION = YES;
				GCC_WARN_ABOUT_RETURN_TYPE = YES_ERROR;
				GCC_WARN_UNDECLARED_SELECTOR = YES;
				GCC_WARN_UNINITIALIZED_AUTOS = YES_AGGRESSIVE;
				GCC_WARN_UNUSED_FUNCTION = YES;
				GCC_WARN_UNUSED_VARIABLE = YES;
				IPHONEOS_DEPLOYMENT_TARGET = 14.5;
				MTL_ENABLE_DEBUG_INFO = INCLUDE_SOURCE;
				MTL_FAST_MATH = YES;
				ONLY_ACTIVE_ARCH = YES;
				SDKROOT = iphoneos;
				SWIFT_ACTIVE_COMPILATION_CONDITIONS = DEBUG;
				SWIFT_OPTIMIZATION_LEVEL = "-Onone";
			};
			name = Debug;
		};
		2A38A66326B6E77C00C095F7 /* Release */ = {
			isa = XCBuildConfiguration;
			buildSettings = {
				ALWAYS_SEARCH_USER_PATHS = NO;
				CLANG_ANALYZER_NONNULL = YES;
				CLANG_ANALYZER_NUMBER_OBJECT_CONVERSION = YES_AGGRESSIVE;
				CLANG_CXX_LANGUAGE_STANDARD = "gnu++14";
				CLANG_CXX_LIBRARY = "libc++";
				CLANG_ENABLE_MODULES = YES;
				CLANG_ENABLE_OBJC_ARC = YES;
				CLANG_ENABLE_OBJC_WEAK = YES;
				CLANG_WARN_BLOCK_CAPTURE_AUTORELEASING = YES;
				CLANG_WARN_BOOL_CONVERSION = YES;
				CLANG_WARN_COMMA = YES;
				CLANG_WARN_CONSTANT_CONVERSION = YES;
				CLANG_WARN_DEPRECATED_OBJC_IMPLEMENTATIONS = YES;
				CLANG_WARN_DIRECT_OBJC_ISA_USAGE = YES_ERROR;
				CLANG_WARN_DOCUMENTATION_COMMENTS = YES;
				CLANG_WARN_EMPTY_BODY = YES;
				CLANG_WARN_ENUM_CONVERSION = YES;
				CLANG_WARN_INFINITE_RECURSION = YES;
				CLANG_WARN_INT_CONVERSION = YES;
				CLANG_WARN_NON_LITERAL_NULL_CONVERSION = YES;
				CLANG_WARN_OBJC_IMPLICIT_RETAIN_SELF = YES;
				CLANG_WARN_OBJC_LITERAL_CONVERSION = YES;
				CLANG_WARN_OBJC_ROOT_CLASS = YES_ERROR;
				CLANG_WARN_QUOTED_INCLUDE_IN_FRAMEWORK_HEADER = YES;
				CLANG_WARN_RANGE_LOOP_ANALYSIS = YES;
				CLANG_WARN_STRICT_PROTOTYPES = YES;
				CLANG_WARN_SUSPICIOUS_MOVE = YES;
				CLANG_WARN_UNGUARDED_AVAILABILITY = YES_AGGRESSIVE;
				CLANG_WARN_UNREACHABLE_CODE = YES;
				CLANG_WARN__DUPLICATE_METHOD_MATCH = YES;
				COPY_PHASE_STRIP = NO;
				DEBUG_INFORMATION_FORMAT = "dwarf-with-dsym";
				ENABLE_NS_ASSERTIONS = NO;
				ENABLE_STRICT_OBJC_MSGSEND = YES;
				GCC_C_LANGUAGE_STANDARD = gnu11;
				GCC_NO_COMMON_BLOCKS = YES;
				GCC_WARN_64_TO_32_BIT_CONVERSION = YES;
				GCC_WARN_ABOUT_RETURN_TYPE = YES_ERROR;
				GCC_WARN_UNDECLARED_SELECTOR = YES;
				GCC_WARN_UNINITIALIZED_AUTOS = YES_AGGRESSIVE;
				GCC_WARN_UNUSED_FUNCTION = YES;
				GCC_WARN_UNUSED_VARIABLE = YES;
				IPHONEOS_DEPLOYMENT_TARGET = 14.5;
				MTL_ENABLE_DEBUG_INFO = NO;
				MTL_FAST_MATH = YES;
				SDKROOT = iphoneos;
				SWIFT_COMPILATION_MODE = wholemodule;
				SWIFT_OPTIMIZATION_LEVEL = "-O";
				VALIDATE_PRODUCT = YES;
			};
			name = Release;
		};
		2A38A66526B6E77C00C095F7 /* Debug */ = {
			isa = XCBuildConfiguration;
			buildSettings = {
				ASSETCATALOG_COMPILER_APPICON_NAME = AppIcon;
				ASSETCATALOG_COMPILER_GLOBAL_ACCENT_COLOR_NAME = AccentColor;
				CODE_SIGN_STYLE = Automatic;
				INFOPLIST_FILE = Table/Info.plist;
				LD_RUNPATH_SEARCH_PATHS = (
					"$(inherited)",
					"@executable_path/Frameworks",
				);
				PRODUCT_BUNDLE_IDENTIFIER = hyle.Table;
				PRODUCT_NAME = "$(TARGET_NAME)";
				SWIFT_VERSION = 5.0;
				TARGETED_DEVICE_FAMILY = "1,2";
			};
			name = Debug;
		};
		2A38A66626B6E77C00C095F7 /* Release */ = {
			isa = XCBuildConfiguration;
			buildSettings = {
				ASSETCATALOG_COMPILER_APPICON_NAME = AppIcon;
				ASSETCATALOG_COMPILER_GLOBAL_ACCENT_COLOR_NAME = AccentColor;
				CODE_SIGN_STYLE = Automatic;
				INFOPLIST_FILE = Table/Info.plist;
				LD_RUNPATH_SEARCH_PATHS = (
					"$(inherited)",
					"@executable_path/Frameworks",
				);
				PRODUCT_BUNDLE_IDENTIFIER = hyle.Table;
				PRODUCT_NAME = "$(TARGET_NAME)";
				SWIFT_VERSION = 5.0;
				TARGETED_DEVICE_FAMILY = "1,2";
			};
			name = Release;
		};
/* End XCBuildConfiguration section */

/* Begin XCConfigurationList section */
		2A38A64B26B6E77C00C095F7 /* Build configuration list for PBXProject "Table" */ = {
			isa = XCConfigurationList;
			buildConfigurations = (
				2A38A66226B6E77C00C095F7 /* Debug */,
				2A38A66326B6E77C00C095F7 /* Release */,
			);
			defaultConfigurationIsVisible = 0;
			defaultConfigurationName = Release;
		};
		2A38A66426B6E77C00C095F7 /* Build configuration list for PBXNativeTarget "Table" */ = {
			isa = XCConfigurationList;
			buildConfigurations = (
				2A38A66526B6E77C00C095F7 /* Debug */,
				2A38A66626B6E77C00C095F7 /* Release */,
			);
			defaultConfigurationIsVisible = 0;
			defaultConfigurationName = Release;
		};
/* End XCConfigurationList section */
	};
	rootObject = 2A38A64826B6E77C00C095F7 /* Project object */;
}
