// !$*UTF8*$!
{
	archiveVersion = 1;
	classes = {
	};
	objectVersion = 50;
	objects = {

/* Begin PBXBuildFile section */
		2A2C942626B072F300D0CC78 /* AppDelegate.swift in Sources */ = {isa = PBXBuildFile; fileRef = 2A2C942526B072F300D0CC78 /* AppDelegate.swift */; };
		2A2C942826B072F300D0CC78 /* SceneDelegate.swift in Sources */ = {isa = PBXBuildFile; fileRef = 2A2C942726B072F300D0CC78 /* SceneDelegate.swift */; };
		2A2C942A26B072F300D0CC78 /* ViewController.swift in Sources */ = {isa = PBXBuildFile; fileRef = 2A2C942926B072F300D0CC78 /* ViewController.swift */; };
		2A2C942D26B072F300D0CC78 /* Main.storyboard in Resources */ = {isa = PBXBuildFile; fileRef = 2A2C942B26B072F300D0CC78 /* Main.storyboard */; };
		2A2C942F26B072F400D0CC78 /* Assets.xcassets in Resources */ = {isa = PBXBuildFile; fileRef = 2A2C942E26B072F400D0CC78 /* Assets.xcassets */; };
		2A2C943226B072F400D0CC78 /* LaunchScreen.storyboard in Resources */ = {isa = PBXBuildFile; fileRef = 2A2C943026B072F400D0CC78 /* LaunchScreen.storyboard */; };
		2A2C943A26B073E900D0CC78 /* htmlView.html in Resources */ = {isa = PBXBuildFile; fileRef = 2A2C943926B073E900D0CC78 /* htmlView.html */; };
/* End PBXBuildFile section */

/* Begin PBXFileReference section */
		2A2C942226B072F300D0CC78 /* MissionWeb.app */ = {isa = PBXFileReference; explicitFileType = wrapper.application; includeInIndex = 0; path = MissionWeb.app; sourceTree = BUILT_PRODUCTS_DIR; };
		2A2C942526B072F300D0CC78 /* AppDelegate.swift */ = {isa = PBXFileReference; lastKnownFileType = sourcecode.swift; path = AppDelegate.swift; sourceTree = "<group>"; };
		2A2C942726B072F300D0CC78 /* SceneDelegate.swift */ = {isa = PBXFileReference; lastKnownFileType = sourcecode.swift; path = SceneDelegate.swift; sourceTree = "<group>"; };
		2A2C942926B072F300D0CC78 /* ViewController.swift */ = {isa = PBXFileReference; lastKnownFileType = sourcecode.swift; path = ViewController.swift; sourceTree = "<group>"; };
		2A2C942C26B072F300D0CC78 /* Base */ = {isa = PBXFileReference; lastKnownFileType = file.storyboard; name = Base; path = Base.lproj/Main.storyboard; sourceTree = "<group>"; };
		2A2C942E26B072F400D0CC78 /* Assets.xcassets */ = {isa = PBXFileReference; lastKnownFileType = folder.assetcatalog; path = Assets.xcassets; sourceTree = "<group>"; };
		2A2C943126B072F400D0CC78 /* Base */ = {isa = PBXFileReference; lastKnownFileType = file.storyboard; name = Base; path = Base.lproj/LaunchScreen.storyboard; sourceTree = "<group>"; };
		2A2C943326B072F400D0CC78 /* Info.plist */ = {isa = PBXFileReference; lastKnownFileType = text.plist.xml; path = Info.plist; sourceTree = "<group>"; };
		2A2C943926B073E900D0CC78 /* htmlView.html */ = {isa = PBXFileReference; lastKnownFileType = text.html; path = htmlView.html; sourceTree = "<group>"; };
/* End PBXFileReference section */

/* Begin PBXFrameworksBuildPhase section */
		2A2C941F26B072F300D0CC78 /* Frameworks */ = {
			isa = PBXFrameworksBuildPhase;
			buildActionMask = 2147483647;
			files = (
			);
			runOnlyForDeploymentPostprocessing = 0;
		};
/* End PBXFrameworksBuildPhase section */

/* Begin PBXGroup section */
		2A2C941926B072F300D0CC78 = {
			isa = PBXGroup;
			children = (
				2A2C942426B072F300D0CC78 /* MissionWeb */,
				2A2C942326B072F300D0CC78 /* Products */,
			);
			sourceTree = "<group>";
		};
		2A2C942326B072F300D0CC78 /* Products */ = {
			isa = PBXGroup;
			children = (
				2A2C942226B072F300D0CC78 /* MissionWeb.app */,
			);
			name = Products;
			sourceTree = "<group>";
		};
		2A2C942426B072F300D0CC78 /* MissionWeb */ = {
			isa = PBXGroup;
			children = (
				2A2C942526B072F300D0CC78 /* AppDelegate.swift */,
				2A2C942726B072F300D0CC78 /* SceneDelegate.swift */,
				2A2C942926B072F300D0CC78 /* ViewController.swift */,
				2A2C942B26B072F300D0CC78 /* Main.storyboard */,
				2A2C943926B073E900D0CC78 /* htmlView.html */,
				2A2C942E26B072F400D0CC78 /* Assets.xcassets */,
				2A2C943026B072F400D0CC78 /* LaunchScreen.storyboard */,
				2A2C943326B072F400D0CC78 /* Info.plist */,
			);
			path = MissionWeb;
			sourceTree = "<group>";
		};
/* End PBXGroup section */

/* Begin PBXNativeTarget section */
		2A2C942126B072F300D0CC78 /* MissionWeb */ = {
			isa = PBXNativeTarget;
			buildConfigurationList = 2A2C943626B072F400D0CC78 /* Build configuration list for PBXNativeTarget "MissionWeb" */;
			buildPhases = (
				2A2C941E26B072F300D0CC78 /* Sources */,
				2A2C941F26B072F300D0CC78 /* Frameworks */,
				2A2C942026B072F300D0CC78 /* Resources */,
			);
			buildRules = (
			);
			dependencies = (
			);
			name = MissionWeb;
			productName = MissionWeb;
			productReference = 2A2C942226B072F300D0CC78 /* MissionWeb.app */;
			productType = "com.apple.product-type.application";
		};
/* End PBXNativeTarget section */

/* Begin PBXProject section */
		2A2C941A26B072F300D0CC78 /* Project object */ = {
			isa = PBXProject;
			attributes = {
				LastSwiftUpdateCheck = 1250;
				LastUpgradeCheck = 1250;
				TargetAttributes = {
					2A2C942126B072F300D0CC78 = {
						CreatedOnToolsVersion = 12.5.1;
					};
				};
			};
			buildConfigurationList = 2A2C941D26B072F300D0CC78 /* Build configuration list for PBXProject "MissionWeb" */;
			compatibilityVersion = "Xcode 9.3";
			developmentRegion = en;
			hasScannedForEncodings = 0;
			knownRegions = (
				en,
				Base,
			);
			mainGroup = 2A2C941926B072F300D0CC78;
			productRefGroup = 2A2C942326B072F300D0CC78 /* Products */;
			projectDirPath = "";
			projectRoot = "";
			targets = (
				2A2C942126B072F300D0CC78 /* MissionWeb */,
			);
		};
/* End PBXProject section */

/* Begin PBXResourcesBuildPhase section */
		2A2C942026B072F300D0CC78 /* Resources */ = {
			isa = PBXResourcesBuildPhase;
			buildActionMask = 2147483647;
			files = (
				2A2C943A26B073E900D0CC78 /* htmlView.html in Resources */,
				2A2C943226B072F400D0CC78 /* LaunchScreen.storyboard in Resources */,
				2A2C942F26B072F400D0CC78 /* Assets.xcassets in Resources */,
				2A2C942D26B072F300D0CC78 /* Main.storyboard in Resources */,
			);
			runOnlyForDeploymentPostprocessing = 0;
		};
/* End PBXResourcesBuildPhase section */

/* Begin PBXSourcesBuildPhase section */
		2A2C941E26B072F300D0CC78 /* Sources */ = {
			isa = PBXSourcesBuildPhase;
			buildActionMask = 2147483647;
			files = (
				2A2C942A26B072F300D0CC78 /* ViewController.swift in Sources */,
				2A2C942626B072F300D0CC78 /* AppDelegate.swift in Sources */,
				2A2C942826B072F300D0CC78 /* SceneDelegate.swift in Sources */,
			);
			runOnlyForDeploymentPostprocessing = 0;
		};
/* End PBXSourcesBuildPhase section */

/* Begin PBXVariantGroup section */
		2A2C942B26B072F300D0CC78 /* Main.storyboard */ = {
			isa = PBXVariantGroup;
			children = (
				2A2C942C26B072F300D0CC78 /* Base */,
			);
			name = Main.storyboard;
			sourceTree = "<group>";
		};
		2A2C943026B072F400D0CC78 /* LaunchScreen.storyboard */ = {
			isa = PBXVariantGroup;
			children = (
				2A2C943126B072F400D0CC78 /* Base */,
			);
			name = LaunchScreen.storyboard;
			sourceTree = "<group>";
		};
/* End PBXVariantGroup section */

/* Begin XCBuildConfiguration section */
		2A2C943426B072F400D0CC78 /* Debug */ = {
			isa = XCBuildConfiguration;
			buildSettings = {
				ALWAYS_SEARCH_USER_PATHS = NO;
				CLANG_ANALYZER_NONNULL = YES;
				CLANG_ANALYZER_NUMBER_OBJECT_CONVERSION = YES_AGGRESSIVE;
				CLANG_CXX_LANGUAGE_STANDARD = "gnu++14";
				CLANG_CXX_LIBRARY = "libc++";
				CLANG_ENABLE_MODULES = YES;
				CLANG_ENABLE_OBJC_ARC = YES;
				CLANG_ENABLE_OBJC_WEAK = YES;
				CLANG_WARN_BLOCK_CAPTURE_AUTORELEASING = YES;
				CLANG_WARN_BOOL_CONVERSION = YES;
				CLANG_WARN_COMMA = YES;
				CLANG_WARN_CONSTANT_CONVERSION = YES;
				CLANG_WARN_DEPRECATED_OBJC_IMPLEMENTATIONS = YES;
				CLANG_WARN_DIRECT_OBJC_ISA_USAGE = YES_ERROR;
				CLANG_WARN_DOCUMENTATION_COMMENTS = YES;
				CLANG_WARN_EMPTY_BODY = YES;
				CLANG_WARN_ENUM_CONVERSION = YES;
				CLANG_WARN_INFINITE_RECURSION = YES;
				CLANG_WARN_INT_CONVERSION = YES;
				CLANG_WARN_NON_LITERAL_NULL_CONVERSION = YES;
				CLANG_WARN_OBJC_IMPLICIT_RETAIN_SELF = YES;
				CLANG_WARN_OBJC_LITERAL_CONVERSION = YES;
				CLANG_WARN_OBJC_ROOT_CLASS = YES_ERROR;
				CLANG_WARN_QUOTED_INCLUDE_IN_FRAMEWORK_HEADER = YES;
				CLANG_WARN_RANGE_LOOP_ANALYSIS = YES;
				CLANG_WARN_STRICT_PROTOTYPES = YES;
				CLANG_WARN_SUSPICIOUS_MOVE = YES;
				CLANG_WARN_UNGUARDED_AVAILABILITY = YES_AGGRESSIVE;
				CLANG_WARN_UNREACHABLE_CODE = YES;
				CLANG_WARN__DUPLICATE_METHOD_MATCH = YES;
				COPY_PHASE_STRIP = NO;
				DEBUG_INFORMATION_FORMAT = dwarf;
				ENABLE_STRICT_OBJC_MSGSEND = YES;
				ENABLE_TESTABILITY = YES;
				GCC_C_LANGUAGE_STANDARD = gnu11;
				GCC_DYNAMIC_NO_PIC = NO;
				GCC_NO_COMMON_BLOCKS = YES;
				GCC_OPTIMIZATION_LEVEL = 0;
				GCC_PREPROCESSOR_DEFINITIONS = (
					"DEBUG=1",
					"$(inherited)",
				);
				GCC_WARN_64_TO_32_BIT_CONVERSION = YES;
				GCC_WARN_ABOUT_RETURN_TYPE = YES_ERROR;
				GCC_WARN_UNDECLARED_SELECTOR = YES;
				GCC_WARN_UNINITIALIZED_AUTOS = YES_AGGRESSIVE;
				GCC_WARN_UNUSED_FUNCTION = YES;
				GCC_WARN_UNUSED_VARIABLE = YES;
				IPHONEOS_DEPLOYMENT_TARGET = 14.5;
				MTL_ENABLE_DEBUG_INFO = INCLUDE_SOURCE;
				MTL_FAST_MATH = YES;
				ONLY_ACTIVE_ARCH = YES;
				SDKROOT = iphoneos;
				SWIFT_ACTIVE_COMPILATION_CONDITIONS = DEBUG;
				SWIFT_OPTIMIZATION_LEVEL = "-Onone";
			};
			name = Debug;
		};
		2A2C943526B072F400D0CC78 /* Release */ = {
			isa = XCBuildConfiguration;
			buildSettings = {
				ALWAYS_SEARCH_USER_PATHS = NO;
				CLANG_ANALYZER_NONNULL = YES;
				CLANG_ANALYZER_NUMBER_OBJECT_CONVERSION = YES_AGGRESSIVE;
				CLANG_CXX_LANGUAGE_STANDARD = "gnu++14";
				CLANG_CXX_LIBRARY = "libc++";
				CLANG_ENABLE_MODULES = YES;
				CLANG_ENABLE_OBJC_ARC = YES;
				CLANG_ENABLE_OBJC_WEAK = YES;
				CLANG_WARN_BLOCK_CAPTURE_AUTORELEASING = YES;
				CLANG_WARN_BOOL_CONVERSION = YES;
				CLANG_WARN_COMMA = YES;
				CLANG_WARN_CONSTANT_CONVERSION = YES;
				CLANG_WARN_DEPRECATED_OBJC_IMPLEMENTATIONS = YES;
				CLANG_WARN_DIRECT_OBJC_ISA_USAGE = YES_ERROR;
				CLANG_WARN_DOCUMENTATION_COMMENTS = YES;
				CLANG_WARN_EMPTY_BODY = YES;
				CLANG_WARN_ENUM_CONVERSION = YES;
				CLANG_WARN_INFINITE_RECURSION = YES;
				CLANG_WARN_INT_CONVERSION = YES;
				CLANG_WARN_NON_LITERAL_NULL_CONVERSION = YES;
				CLANG_WARN_OBJC_IMPLICIT_RETAIN_SELF = YES;
				CLANG_WARN_OBJC_LITERAL_CONVERSION = YES;
				CLANG_WARN_OBJC_ROOT_CLASS = YES_ERROR;
				CLANG_WARN_QUOTED_INCLUDE_IN_FRAMEWORK_HEADER = YES;
				CLANG_WARN_RANGE_LOOP_ANALYSIS = YES;
				CLANG_WARN_STRICT_PROTOTYPES = YES;
				CLANG_WARN_SUSPICIOUS_MOVE = YES;
				CLANG_WARN_UNGUARDED_AVAILABILITY = YES_AGGRESSIVE;
				CLANG_WARN_UNREACHABLE_CODE = YES;
				CLANG_WARN__DUPLICATE_METHOD_MATCH = YES;
				COPY_PHASE_STRIP = NO;
				DEBUG_INFORMATION_FORMAT = "dwarf-with-dsym";
				ENABLE_NS_ASSERTIONS = NO;
				ENABLE_STRICT_OBJC_MSGSEND = YES;
				GCC_C_LANGUAGE_STANDARD = gnu11;
				GCC_NO_COMMON_BLOCKS = YES;
				GCC_WARN_64_TO_32_BIT_CONVERSION = YES;
				GCC_WARN_ABOUT_RETURN_TYPE = YES_ERROR;
				GCC_WARN_UNDECLARED_SELECTOR = YES;
				GCC_WARN_UNINITIALIZED_AUTOS = YES_AGGRESSIVE;
				GCC_WARN_UNUSED_FUNCTION = YES;
				GCC_WARN_UNUSED_VARIABLE = YES;
				IPHONEOS_DEPLOYMENT_TARGET = 14.5;
				MTL_ENABLE_DEBUG_INFO = NO;
				MTL_FAST_MATH = YES;
				SDKROOT = iphoneos;
				SWIFT_COMPILATION_MODE = wholemodule;
				SWIFT_OPTIMIZATION_LEVEL = "-O";
				VALIDATE_PRODUCT = YES;
			};
			name = Release;
		};
		2A2C943726B072F400D0CC78 /* Debug */ = {
			isa = XCBuildConfiguration;
			buildSettings = {
				ASSETCATALOG_COMPILER_APPICON_NAME = AppIcon;
				ASSETCATALOG_COMPILER_GLOBAL_ACCENT_COLOR_NAME = AccentColor;
				CODE_SIGN_STYLE = Automatic;
				INFOPLIST_FILE = MissionWeb/Info.plist;
				LD_RUNPATH_SEARCH_PATHS = (
					"$(inherited)",
					"@executable_path/Frameworks",
				);
				PRODUCT_BUNDLE_IDENTIFIER = hyle.MissionWeb;
				PRODUCT_NAME = "$(TARGET_NAME)";
				SWIFT_VERSION = 5.0;
				TARGETED_DEVICE_FAMILY = "1,2";
			};
			name = Debug;
		};
		2A2C943826B072F400D0CC78 /* Release */ = {
			isa = XCBuildConfiguration;
			buildSettings = {
				ASSETCATALOG_COMPILER_APPICON_NAME = AppIcon;
				ASSETCATALOG_COMPILER_GLOBAL_ACCENT_COLOR_NAME = AccentColor;
				CODE_SIGN_STYLE = Automatic;
				INFOPLIST_FILE = MissionWeb/Info.plist;
				LD_RUNPATH_SEARCH_PATHS = (
					"$(inherited)",
					"@executable_path/Frameworks",
				);
				PRODUCT_BUNDLE_IDENTIFIER = hyle.MissionWeb;
				PRODUCT_NAME = "$(TARGET_NAME)";
				SWIFT_VERSION = 5.0;
				TARGETED_DEVICE_FAMILY = "1,2";
			};
			name = Release;
		};
/* End XCBuildConfiguration section */

/* Begin XCConfigurationList section */
		2A2C941D26B072F300D0CC78 /* Build configuration list for PBXProject "MissionWeb" */ = {
			isa = XCConfigurationList;
			buildConfigurations = (
				2A2C943426B072F400D0CC78 /* Debug */,
				2A2C943526B072F400D0CC78 /* Release */,
			);
			defaultConfigurationIsVisible = 0;
			defaultConfigurationName = Release;
		};
		2A2C943626B072F400D0CC78 /* Build configuration list for PBXNativeTarget "MissionWeb" */ = {
			isa = XCConfigurationList;
			buildConfigurations = (
				2A2C943726B072F400D0CC78 /* Debug */,
				2A2C943826B072F400D0CC78 /* Release */,
			);
			defaultConfigurationIsVisible = 0;
			defaultConfigurationName = Release;
		};
/* End XCConfigurationList section */
	};
	rootObject = 2A2C941A26B072F300D0CC78 /* Project object */;
}
